lockfileVersion: '9.0'

settings:
  autoInstallPeers: true
  excludeLinksFromLockfile: false

importers:

  .:
    dependencies:
      foo:
        specifier: link:./foo
        version: link:foo
      rolldown:
        specifier: ^0.12.2
        version: 0.12.2

packages:

  '@emnapi/core@1.2.0':
    resolution: {integrity: sha512-E7Vgw78I93we4ZWdYCb4DGAwRROGkMIXk7/y87UmANR+J6qsWusmC3gLt0H+O0KOt5e6O38U8oJamgbudrES/w==}

  '@emnapi/runtime@1.2.0':
    resolution: {integrity: sha512-bV21/9LQmcQeCPEg3BDFtvwL6cwiTMksYNWQQ4KOxCZikEGalWtenoZ0wCiukJINlGCIi2KXx01g4FoH/LxpzQ==}

  '@emnapi/wasi-threads@1.0.1':
    resolution: {integrity: sha512-iIBu7mwkq4UQGeMEM8bLwNK962nXdhodeScX4slfQnRhEMMzvYivHhutCIk8uojvmASXXPC2WNEjwxFWk72Oqw==}

  '@napi-rs/wasm-runtime@0.2.4':
    resolution: {integrity: sha512-9zESzOO5aDByvhIAsOy9TbpZ0Ur2AJbUI7UT73kcUTS2mxAMHOBaa1st/jAymNoCtvrit99kkzT1FZuXVcgfIQ==}

  '@rolldown/binding-darwin-arm64@0.12.2':
    resolution: {integrity: sha512-Y3Ajye63Z5KymGUwTLaK7Q6YMvycXqNiXtosecgVzjAwMITCmXdzgnWgzzx5UlWHMrDYL4m5zIeXGB5slLwoMA==}
    cpu: [arm64]
    os: [darwin]

  '@rolldown/binding-darwin-x64@0.12.2':
    resolution: {integrity: sha512-ZcVuVFEFBXhp00TUNn+EDYs7SGGLQCznvCeuW1XkM8EC2/LfewU/o4WuJK7CBC4iCSktuFGpw7+zLe8D6iinzg==}
    cpu: [x64]
    os: [darwin]

  '@rolldown/binding-freebsd-x64@0.12.2':
    resolution: {integrity: sha512-4fjuQHpm3q/Ly4fcqb8Qn49OQc2EQR2scUbQaOzXr7mIn9Zy8NfdRrsVG4/wpYvihIlTEtVx+ku0IZwcUzzZGg==}
    cpu: [x64]
    os: [freebsd]

  '@rolldown/binding-linux-arm-gnueabihf@0.12.2':
    resolution: {integrity: sha512-MGEDaYLzTQ1kpvt13PzOwnd6O668S1mPM/vgi4O9vCfqJNTXZX8SeAg8Z2dQZbMSUyFDBVKGkz23GRTHqkGIsQ==}
    cpu: [arm]
    os: [linux]

  '@rolldown/binding-linux-arm64-gnu@0.12.2':
    resolution: {integrity: sha512-8uiaMe39twyIAw0do1Gc3O2SpQmyL1A/BucFncEB8eU5jtb3BWIM/X+F+eKDU6c+XZ+S1T025dhR1cGg8y20Xw==}
    cpu: [arm64]
    os: [linux]

  '@rolldown/binding-linux-arm64-musl@0.12.2':
    resolution: {integrity: sha512-GOFSKaMJueaSSODcqI+0Hu79buHYtGV7h2tydIDkSDD20mQuvwOF7jIVd27yNdlXWS9wLObwEu3BNgHmIj1M6A==}
    cpu: [arm64]
    os: [linux]

  '@rolldown/binding-linux-x64-gnu@0.12.2':
    resolution: {integrity: sha512-+hlRURUSiVP0+PFtjoTxUsiy/2NQpbf3DyUyMyl8Nv5+1BxjB6452VY1iFI+RzG4iLNJslcVcI6d6lJQ5zZYfw==}
    cpu: [x64]
    os: [linux]

  '@rolldown/binding-linux-x64-musl@0.12.2':
    resolution: {integrity: sha512-9WKIaQSZZ0i9F5msW4I5kEj6ov+TZLteuTqCzI7nYWDBDm7m/hYkOkdIBf41GC8iKFsgVIQO0kRVAT966U8RxQ==}
    cpu: [x64]
    os: [linux]

  '@rolldown/binding-wasm32-wasi@0.12.2':
    resolution: {integrity: sha512-KY7bNrR3Jk6O0ne8LAaAnq9yI6xuKwhr/L2d1lBwrraCCyLHk0UEv4g6PfJkyUx6GfN0gVYuSxFgo9OggycldA==}
    engines: {node: '>=14.21.3'}
    cpu: [wasm32]

  '@rolldown/binding-win32-arm64-msvc@0.12.2':
    resolution: {integrity: sha512-XYBXifPk5iNcPUTyV/yB4tlj5nI+fYoe/8CLHjyUG8GS0l8rCD+jKaAv3Jvz2T2erlkjEPqJXmzhUfBscOUo6g==}
    cpu: [arm64]
    os: [win32]

  '@rolldown/binding-win32-ia32-msvc@0.12.2':
    resolution: {integrity: sha512-SV9LqvEc0d4gCLbkezH+UJ2uj2pTw3mwSKhFJEm6ir1lb05W6y9++m67NRs17fhudkFAz8iKlyPxKtZBKzAKOw==}
    cpu: [ia32]
    os: [win32]

  '@rolldown/binding-win32-x64-msvc@0.12.2':
    resolution: {integrity: sha512-XnRqHx182tyk1M12OMXqLajIj9DZrOUEKSPYrQUSaMCmHHAhULYP6ki240CV16PBWZW4Q1pwQ7YVKYFevRtvKg==}
    cpu: [x64]
    os: [win32]

  '@tybys/wasm-util@0.9.0':
    resolution: {integrity: sha512-6+7nlbMVX/PVDCwaIQ8nTOPveOcFLSt8GcXdx8hD0bt39uWxYT88uXzqTd4fTvqta7oeUJqudepapKNt2DYJFw==}

  rolldown@0.12.2:
    resolution: {integrity: sha512-YJYKiYt2O9XytiQ3Na4Kk29avfIXhvK7udB3wAaVaF4kiSsFKE1167tElO/0eD6tjfJXCvwNxwsyYkBJRtsLmQ==}
    hasBin: true

  tslib@2.6.3:
    resolution: {integrity: sha512-xNvxJEOUiWPGhUuUdQgAJPKOOJfGnIyKySOc09XkKsgdUV/3E2zvwZYdejjmRgPCgcym1juLH3226yA7sEFJKQ==}

  zod@3.23.8:
    resolution: {integrity: sha512-XBx9AXhXktjUqnepgTiE5flcKIYWi/rme0Eaj+5Y0lftuGBq+jyRu/md4WnuxqgP1ubdpNCsYEYPxrzVHD8d6g==}

snapshots:

  '@emnapi/core@1.2.0':
    dependencies:
      '@emnapi/wasi-threads': 1.0.1
      tslib: 2.6.3
    optional: true

  '@emnapi/runtime@1.2.0':
    dependencies:
      tslib: 2.6.3
    optional: true

  '@emnapi/wasi-threads@1.0.1':
    dependencies:
      tslib: 2.6.3
    optional: true

  '@napi-rs/wasm-runtime@0.2.4':
    dependencies:
      '@emnapi/core': 1.2.0
      '@emnapi/runtime': 1.2.0
      '@tybys/wasm-util': 0.9.0
    optional: true

  '@rolldown/binding-darwin-arm64@0.12.2':
    optional: true

  '@rolldown/binding-darwin-x64@0.12.2':
    optional: true

  '@rolldown/binding-freebsd-x64@0.12.2':
    optional: true

  '@rolldown/binding-linux-arm-gnueabihf@0.12.2':
    optional: true

  '@rolldown/binding-linux-arm64-gnu@0.12.2':
    optional: true

  '@rolldown/binding-linux-arm64-musl@0.12.2':
    optional: true

  '@rolldown/binding-linux-x64-gnu@0.12.2':
    optional: true

  '@rolldown/binding-linux-x64-musl@0.12.2':
    optional: true

  '@rolldown/binding-wasm32-wasi@0.12.2':
    dependencies:
      '@napi-rs/wasm-runtime': 0.2.4
    optional: true

  '@rolldown/binding-win32-arm64-msvc@0.12.2':
    optional: true

  '@rolldown/binding-win32-ia32-msvc@0.12.2':
    optional: true

  '@rolldown/binding-win32-x64-msvc@0.12.2':
    optional: true

  '@tybys/wasm-util@0.9.0':
    dependencies:
      tslib: 2.6.3
    optional: true

  rolldown@0.12.2:
    dependencies:
      zod: 3.23.8
    optionalDependencies:
      '@rolldown/binding-darwin-arm64': 0.12.2
      '@rolldown/binding-darwin-x64': 0.12.2
      '@rolldown/binding-freebsd-x64': 0.12.2
      '@rolldown/binding-linux-arm-gnueabihf': 0.12.2
      '@rolldown/binding-linux-arm64-gnu': 0.12.2
      '@rolldown/binding-linux-arm64-musl': 0.12.2
      '@rolldown/binding-linux-x64-gnu': 0.12.2
      '@rolldown/binding-linux-x64-musl': 0.12.2
      '@rolldown/binding-wasm32-wasi': 0.12.2
      '@rolldown/binding-win32-arm64-msvc': 0.12.2
      '@rolldown/binding-win32-ia32-msvc': 0.12.2
      '@rolldown/binding-win32-x64-msvc': 0.12.2

  tslib@2.6.3:
    optional: true

  zod@3.23.8: {}
